
Microsoft Visual Studio Solution File, Format Version 12.00
# Visual Studio Version 17
VisualStudioVersion = 17.5.33502.453
MinimumVisualStudioVersion = 10.0.40219.1
Project("{FAE04EC0-301F-11D3-BF4B-00C04F79EFBC}") = "ProjFitconnect", "FrmMain\ProjFitconnect.csproj", "{37118F9F-1FD6-4852-94B1-3E7BD99A278D}"
EndProject
Global
	GlobalSection(SolutionConfigurationPlatforms) = preSolution
		Debug|Any CPU = Debug|Any CPU
		Release|Any CPU = Release|Any CPU
	EndGlobalSection
	GlobalSection(ProjectConfigurationPlatforms) = postSolution
		{37118F9F-1FD6-4852-94B1-3E7BD99A278D}.Debug|Any CPU.ActiveCfg = Debug|Any CPU
		{37118F9F-1FD6-4852-94B1-3E7BD99A278D}.Debug|Any CPU.Build.0 = Debug|Any CPU
		{37118F9F-1FD6-4852-94B1-3E7BD99A278D}.Release|Any CPU.ActiveCfg = Release|Any CPU
		{37118F9F-1FD6-4852-94B1-3E7BD99A278D}.Release|Any CPU.Build.0 = Release|Any CPU
	EndGlobalSection
	GlobalSection(SolutionProperties) = preSolution
		HideSolutionNode = FALSE
	EndGlobalSection
	GlobalSection(ExtensibilityGlobals) = postSolution
		SolutionGuid = {56D2C97E-D4C3-46F3-9873-59DFEEBC3894}
	EndGlobalSection
EndGlobal
